
Microsoft Visual Studio Solution File, Format Version 12.00
# Visual Studio Version 16
VisualStudioVersion = 16.0.32510.428
MinimumVisualStudioVersion = 10.0.40219.1
Project("{FAE04EC0-301F-11D3-BF4B-00C04F79EFBC}") = "MvcAssignment2", "MvcAssignment2\MvcAssignment2.csproj", "{BD6180C4-EDE3-408B-967C-B56CAAEEFA53}"
EndProject
Global
	GlobalSection(SolutionConfigurationPlatforms) = preSolution
		Debug|Any CPU = Debug|Any CPU
		Release|Any CPU = Release|Any CPU
	EndGlobalSection
	GlobalSection(ProjectConfigurationPlatforms) = postSolution
		{BD6180C4-EDE3-408B-967C-B56CAAEEFA53}.Debug|Any CPU.ActiveCfg = Debug|Any CPU
		{BD6180C4-EDE3-408B-967C-B56CAAEEFA53}.Debug|Any CPU.Build.0 = Debug|Any CPU
		{BD6180C4-EDE3-408B-967C-B56CAAEEFA53}.Release|Any CPU.ActiveCfg = Release|Any CPU
		{BD6180C4-EDE3-408B-967C-B56CAAEEFA53}.Release|Any CPU.Build.0 = Release|Any CPU
	EndGlobalSection
	GlobalSection(SolutionProperties) = preSolution
		HideSolutionNode = FALSE
	EndGlobalSection
	GlobalSection(ExtensibilityGlobals) = postSolution
		SolutionGuid = {40CA2152-885F-4FD8-9BF8-E2D8A5B8FC37}
	EndGlobalSection
EndGlobal
